// !$*UTF8*$!
{
	archiveVersion = 1;
	classes = {
	};
	objectVersion = 46;
	objects = {

/* Begin PBXBuildFile section */
		505486EA1B44A0600067453E /* FriendsTable.m in Sources */ = {isa = PBXBuildFile; fileRef = 505486E91B44A0600067453E /* FriendsTable.m */; };
		505486F51B479B010067453E /* profile_Pic_Default 128*128.png in Resources */ = {isa = PBXBuildFile; fileRef = 505486F41B479B010067453E /* profile_Pic_Default 128*128.png */; };
		5073A7901B5071D700862505 /* UserDataTable.m in Sources */ = {isa = PBXBuildFile; fileRef = 5073A78F1B5071D700862505 /* UserDataTable.m */; };
		50ABA18F1B4122490084CF2F /* main.m in Sources */ = {isa = PBXBuildFile; fileRef = 50ABA18E1B4122490084CF2F /* main.m */; };
		50ABA1921B4122490084CF2F /* AppDelegate.m in Sources */ = {isa = PBXBuildFile; fileRef = 50ABA1911B4122490084CF2F /* AppDelegate.m */; };
		50ABA1951B4122490084CF2F /* getFriendsWithCoreData.xcdatamodeld in Sources */ = {isa = PBXBuildFile; fileRef = 50ABA1931B4122490084CF2F /* getFriendsWithCoreData.xcdatamodeld */; };
		50ABA1981B4122490084CF2F /* ViewController.m in Sources */ = {isa = PBXBuildFile; fileRef = 50ABA1971B4122490084CF2F /* ViewController.m */; };
		50ABA19B1B4122490084CF2F /* Main.storyboard in Resources */ = {isa = PBXBuildFile; fileRef = 50ABA1991B4122490084CF2F /* Main.storyboard */; };
		50ABA19D1B4122490084CF2F /* Images.xcassets in Resources */ = {isa = PBXBuildFile; fileRef = 50ABA19C1B4122490084CF2F /* Images.xcassets */; };
		50ABA1A01B4122490084CF2F /* LaunchScreen.xib in Resources */ = {isa = PBXBuildFile; fileRef = 50ABA19E1B4122490084CF2F /* LaunchScreen.xib */; };
		50ABA1AC1B4122490084CF2F /* getFriendsWithCoreDataTests.m in Sources */ = {isa = PBXBuildFile; fileRef = 50ABA1AB1B4122490084CF2F /* getFriendsWithCoreDataTests.m */; };
		50ABA1BB1B422D800084CF2F /* FBSDKCoreKit.framework in Frameworks */ = {isa = PBXBuildFile; fileRef = 50ABA1B81B422D800084CF2F /* FBSDKCoreKit.framework */; };
		50ABA1BC1B422D800084CF2F /* FBSDKLoginKit.framework in Frameworks */ = {isa = PBXBuildFile; fileRef = 50ABA1B91B422D800084CF2F /* FBSDKLoginKit.framework */; };
		50ABA1BD1B422D800084CF2F /* FBSDKShareKit.framework in Frameworks */ = {isa = PBXBuildFile; fileRef = 50ABA1BA1B422D800084CF2F /* FBSDKShareKit.framework */; };
		50ABA1BF1B422E090084CF2F /* Social.framework in Frameworks */ = {isa = PBXBuildFile; fileRef = 50ABA1BE1B422E090084CF2F /* Social.framework */; };
		50ABA1CD1B42471D0084CF2F /* showingFriendsViewController.m in Sources */ = {isa = PBXBuildFile; fileRef = 50ABA1CC1B42471D0084CF2F /* showingFriendsViewController.m */; };
		50AC8D371B577906007F7C2E /* MySingleton.m in Sources */ = {isa = PBXBuildFile; fileRef = 50AC8D361B577906007F7C2E /* MySingleton.m */; };
		50BCDA911B4B7A3000FB25D5 /* CustomFriendTVCell.m in Sources */ = {isa = PBXBuildFile; fileRef = 50BCDA8F1B4B7A3000FB25D5 /* CustomFriendTVCell.m */; };
		50BCDA921B4B7A3000FB25D5 /* CustomFriendTVCell.xib in Resources */ = {isa = PBXBuildFile; fileRef = 50BCDA901B4B7A3000FB25D5 /* CustomFriendTVCell.xib */; };
		50BCDA961B4B7ED200FB25D5 /* profile_Pic.png in Resources */ = {isa = PBXBuildFile; fileRef = 50BCDA951B4B7ED200FB25D5 /* profile_Pic.png */; };
		50BCDA981B4B802D00FB25D5 /* profilePicFacebook .png in Resources */ = {isa = PBXBuildFile; fileRef = 50BCDA971B4B802D00FB25D5 /* profilePicFacebook .png */; };
/* End PBXBuildFile section */

/* Begin PBXContainerItemProxy section */
		50ABA1A61B4122490084CF2F /* PBXContainerItemProxy */ = {
			isa = PBXContainerItemProxy;
			containerPortal = 50ABA1811B4122490084CF2F /* Project object */;
			proxyType = 1;
			remoteGlobalIDString = 50ABA1881B4122490084CF2F;
			remoteInfo = getFriendsWithCoreData;
		};
/* End PBXContainerItemProxy section */

/* Begin PBXFileReference section */
		505486E81B44A0600067453E /* FriendsTable.h */ = {isa = PBXFileReference; fileEncoding = 4; lastKnownFileType = sourcecode.c.h; name = FriendsTable.h; path = getFriendsWithCoreData/FriendsTable.h; sourceTree = "<group>"; };
		505486E91B44A0600067453E /* FriendsTable.m */ = {isa = PBXFileReference; fileEncoding = 4; lastKnownFileType = sourcecode.c.objc; name = FriendsTable.m; path = getFriendsWithCoreData/FriendsTable.m; sourceTree = "<group>"; };
		505486F41B479B010067453E /* profile_Pic_Default 128*128.png */ = {isa = PBXFileReference; lastKnownFileType = image.png; path = "profile_Pic_Default 128*128.png"; sourceTree = "<group>"; };
		5073A78E1B5071D700862505 /* UserDataTable.h */ = {isa = PBXFileReference; fileEncoding = 4; lastKnownFileType = sourcecode.c.h; path = UserDataTable.h; sourceTree = "<group>"; };
		5073A78F1B5071D700862505 /* UserDataTable.m */ = {isa = PBXFileReference; fileEncoding = 4; lastKnownFileType = sourcecode.c.objc; path = UserDataTable.m; sourceTree = "<group>"; };
		50ABA1891B4122490084CF2F /* getFriendsWithCoreData.app */ = {isa = PBXFileReference; explicitFileType = wrapper.application; includeInIndex = 0; path = getFriendsWithCoreData.app; sourceTree = BUILT_PRODUCTS_DIR; };
		50ABA18D1B4122490084CF2F /* Info.plist */ = {isa = PBXFileReference; lastKnownFileType = text.plist.xml; path = Info.plist; sourceTree = "<group>"; };
		50ABA18E1B4122490084CF2F /* main.m */ = {isa = PBXFileReference; lastKnownFileType = sourcecode.c.objc; path = main.m; sourceTree = "<group>"; };
		50ABA1901B4122490084CF2F /* AppDelegate.h */ = {isa = PBXFileReference; lastKnownFileType = sourcecode.c.h; name = AppDelegate.h; path = getFriendsWithCoreData/AppDelegate.h; sourceTree = "<group>"; };
		50ABA1911B4122490084CF2F /* AppDelegate.m */ = {isa = PBXFileReference; lastKnownFileType = sourcecode.c.objc; name = AppDelegate.m; path = getFriendsWithCoreData/AppDelegate.m; sourceTree = "<group>"; };
		50ABA1941B4122490084CF2F /* getFriendsWithCoreData.xcdatamodel */ = {isa = PBXFileReference; lastKnownFileType = wrapper.xcdatamodel; path = getFriendsWithCoreData.xcdatamodel; sourceTree = "<group>"; };
		50ABA1961B4122490084CF2F /* ViewController.h */ = {isa = PBXFileReference; lastKnownFileType = sourcecode.c.h; path = ViewController.h; sourceTree = "<group>"; };
		50ABA1971B4122490084CF2F /* ViewController.m */ = {isa = PBXFileReference; lastKnownFileType = sourcecode.c.objc; path = ViewController.m; sourceTree = "<group>"; };
		50ABA19A1B4122490084CF2F /* Base */ = {isa = PBXFileReference; lastKnownFileType = file.storyboard; name = Base; path = Base.lproj/Main.storyboard; sourceTree = "<group>"; };
		50ABA19C1B4122490084CF2F /* Images.xcassets */ = {isa = PBXFileReference; lastKnownFileType = folder.assetcatalog; path = Images.xcassets; sourceTree = "<group>"; };
		50ABA19F1B4122490084CF2F /* Base */ = {isa = PBXFileReference; lastKnownFileType = file.xib; name = Base; path = Base.lproj/LaunchScreen.xib; sourceTree = "<group>"; };
		50ABA1A51B4122490084CF2F /* getFriendsWithCoreDataTests.xctest */ = {isa = PBXFileReference; explicitFileType = wrapper.cfbundle; includeInIndex = 0; path = getFriendsWithCoreDataTests.xctest; sourceTree = BUILT_PRODUCTS_DIR; };
		50ABA1AA1B4122490084CF2F /* Info.plist */ = {isa = PBXFileReference; lastKnownFileType = text.plist.xml; path = Info.plist; sourceTree = "<group>"; };
		50ABA1AB1B4122490084CF2F /* getFriendsWithCoreDataTests.m */ = {isa = PBXFileReference; lastKnownFileType = sourcecode.c.objc; path = getFriendsWithCoreDataTests.m; sourceTree = "<group>"; };
		50ABA1B81B422D800084CF2F /* FBSDKCoreKit.framework */ = {isa = PBXFileReference; lastKnownFileType = wrapper.framework; path = FBSDKCoreKit.framework; sourceTree = "<group>"; };
		50ABA1B91B422D800084CF2F /* FBSDKLoginKit.framework */ = {isa = PBXFileReference; lastKnownFileType = wrapper.framework; path = FBSDKLoginKit.framework; sourceTree = "<group>"; };
		50ABA1BA1B422D800084CF2F /* FBSDKShareKit.framework */ = {isa = PBXFileReference; lastKnownFileType = wrapper.framework; path = FBSDKShareKit.framework; sourceTree = "<group>"; };
		50ABA1BE1B422E090084CF2F /* Social.framework */ = {isa = PBXFileReference; lastKnownFileType = wrapper.framework; name = Social.framework; path = System/Library/Frameworks/Social.framework; sourceTree = SDKROOT; };
		50ABA1C01B423AE60084CF2F /* getFriendsWithCoreData 2.xcdatamodel */ = {isa = PBXFileReference; lastKnownFileType = wrapper.xcdatamodel; path = "getFriendsWithCoreData 2.xcdatamodel"; sourceTree = "<group>"; };
		50ABA1CB1B42471D0084CF2F /* showingFriendsViewController.h */ = {isa = PBXFileReference; fileEncoding = 4; lastKnownFileType = sourcecode.c.h; name = showingFriendsViewController.h; path = "getFriendsWithCoreData/showing Friends/showingFriendsViewController.h"; sourceTree = "<group>"; };
		50ABA1CC1B42471D0084CF2F /* showingFriendsViewController.m */ = {isa = PBXFileReference; fileEncoding = 4; lastKnownFileType = sourcecode.c.objc; name = showingFriendsViewController.m; path = "getFriendsWithCoreData/showing Friends/showingFriendsViewController.m"; sourceTree = "<group>"; };
		50AC8D351B577906007F7C2E /* MySingleton.h */ = {isa = PBXFileReference; fileEncoding = 4; lastKnownFileType = sourcecode.c.h; name = MySingleton.h; path = getFriendsWithCoreData/MySingleton.h; sourceTree = "<group>"; };
		50AC8D361B577906007F7C2E /* MySingleton.m */ = {isa = PBXFileReference; fileEncoding = 4; lastKnownFileType = sourcecode.c.objc; name = MySingleton.m; path = getFriendsWithCoreData/MySingleton.m; sourceTree = "<group>"; };
		50BCDA8E1B4B7A3000FB25D5 /* CustomFriendTVCell.h */ = {isa = PBXFileReference; fileEncoding = 4; lastKnownFileType = sourcecode.c.h; name = CustomFriendTVCell.h; path = getFriendsWithCoreData/CustomCell/CustomFriendTVCell.h; sourceTree = "<group>"; };
		50BCDA8F1B4B7A3000FB25D5 /* CustomFriendTVCell.m */ = {isa = PBXFileReference; fileEncoding = 4; lastKnownFileType = sourcecode.c.objc; name = CustomFriendTVCell.m; path = getFriendsWithCoreData/CustomCell/CustomFriendTVCell.m; sourceTree = "<group>"; };
		50BCDA901B4B7A3000FB25D5 /* CustomFriendTVCell.xib */ = {isa = PBXFileReference; fileEncoding = 4; lastKnownFileType = file.xib; name = CustomFriendTVCell.xib; path = getFriendsWithCoreData/CustomCell/CustomFriendTVCell.xib; sourceTree = "<group>"; };
		50BCDA951B4B7ED200FB25D5 /* profile_Pic.png */ = {isa = PBXFileReference; lastKnownFileType = image.png; path = profile_Pic.png; sourceTree = "<group>"; };
		50BCDA971B4B802D00FB25D5 /* profilePicFacebook .png */ = {isa = PBXFileReference; lastKnownFileType = image.png; path = "profilePicFacebook .png"; sourceTree = "<group>"; };
		50BCDA991B4DE0C200FB25D5 /* editUserInfoVC.m */ = {isa = PBXFileReference; fileEncoding = 4; lastKnownFileType = sourcecode.c.objc; path = editUserInfoVC.m; sourceTree = "<group>"; };
		50BCDA9A1B4DE0C200FB25D5 /* editUserInfoVC.h */ = {isa = PBXFileReference; fileEncoding = 4; lastKnownFileType = sourcecode.c.h; path = editUserInfoVC.h; sourceTree = "<group>"; };
		E2B8729C1B447D140041763A /* getFriendsWithCoreData-Bridging-Header.h */ = {isa = PBXFileReference; lastKnownFileType = sourcecode.c.h; path = "getFriendsWithCoreData-Bridging-Header.h"; sourceTree = "<group>"; };
/* End PBXFileReference section */

/* Begin PBXFrameworksBuildPhase section */
		50ABA1861B4122490084CF2F /* Frameworks */ = {
			isa = PBXFrameworksBuildPhase;
			buildActionMask = 2147483647;
			files = (
				50ABA1BF1B422E090084CF2F /* Social.framework in Frameworks */,
				50ABA1BC1B422D800084CF2F /* FBSDKLoginKit.framework in Frameworks */,
				50ABA1BB1B422D800084CF2F /* FBSDKCoreKit.framework in Frameworks */,
				50ABA1BD1B422D800084CF2F /* FBSDKShareKit.framework in Frameworks */,
			);
			runOnlyForDeploymentPostprocessing = 0;
		};
		50ABA1A21B4122490084CF2F /* Frameworks */ = {
			isa = PBXFrameworksBuildPhase;
			buildActionMask = 2147483647;
			files = (
			);
			runOnlyForDeploymentPostprocessing = 0;
		};
/* End PBXFrameworksBuildPhase section */

/* Begin PBXGroup section */
		505486F31B479AEC0067453E /* Profile Pictures */ = {
			isa = PBXGroup;
			children = (
				50BCDA971B4B802D00FB25D5 /* profilePicFacebook .png */,
				50BCDA951B4B7ED200FB25D5 /* profile_Pic.png */,
				505486F41B479B010067453E /* profile_Pic_Default 128*128.png */,
			);
			name = "Profile Pictures";
			sourceTree = "<group>";
		};
		50ABA1801B4122490084CF2F = {
			isa = PBXGroup;
			children = (
				50AC8D3A1B577AB1007F7C2E /* AppDelegate */,
				50AC8D391B577A50007F7C2E /* ShowingFriendsVC */,
				50AC8D381B577A38007F7C2E /* MySingleton */,
				50BCDA9C1B4DE0CD00FB25D5 /* editUserInfo */,
				50BCDA931B4B7A4100FB25D5 /* CustomFriendTVCell */,
				505486F31B479AEC0067453E /* Profile Pictures */,
				50ABA1C41B423D210084CF2F /* CoreData */,
				50ABA1BE1B422E090084CF2F /* Social.framework */,
				50ABA1B81B422D800084CF2F /* FBSDKCoreKit.framework */,
				50ABA1B91B422D800084CF2F /* FBSDKLoginKit.framework */,
				50ABA1BA1B422D800084CF2F /* FBSDKShareKit.framework */,
				50ABA18B1B4122490084CF2F /* getFriendsWithCoreData */,
				50ABA1A81B4122490084CF2F /* getFriendsWithCoreDataTests */,
				50ABA18A1B4122490084CF2F /* Products */,
				E2B8729C1B447D140041763A /* getFriendsWithCoreData-Bridging-Header.h */,
			);
			sourceTree = "<group>";
		};
		50ABA18A1B4122490084CF2F /* Products */ = {
			isa = PBXGroup;
			children = (
				50ABA1891B4122490084CF2F /* getFriendsWithCoreData.app */,
				50ABA1A51B4122490084CF2F /* getFriendsWithCoreDataTests.xctest */,
			);
			name = Products;
			sourceTree = "<group>";
		};
		50ABA18B1B4122490084CF2F /* getFriendsWithCoreData */ = {
			isa = PBXGroup;
			children = (
				50ABA1961B4122490084CF2F /* ViewController.h */,
				50ABA1971B4122490084CF2F /* ViewController.m */,
				50ABA1991B4122490084CF2F /* Main.storyboard */,
				50ABA19C1B4122490084CF2F /* Images.xcassets */,
				50ABA19E1B4122490084CF2F /* LaunchScreen.xib */,
				50ABA18C1B4122490084CF2F /* Supporting Files */,
			);
			path = getFriendsWithCoreData;
			sourceTree = "<group>";
		};
		50ABA18C1B4122490084CF2F /* Supporting Files */ = {
			isa = PBXGroup;
			children = (
				50ABA18D1B4122490084CF2F /* Info.plist */,
				50ABA18E1B4122490084CF2F /* main.m */,
			);
			name = "Supporting Files";
			sourceTree = "<group>";
		};
		50ABA1A81B4122490084CF2F /* getFriendsWithCoreDataTests */ = {
			isa = PBXGroup;
			children = (
				50ABA1AB1B4122490084CF2F /* getFriendsWithCoreDataTests.m */,
				50ABA1A91B4122490084CF2F /* Supporting Files */,
			);
			path = getFriendsWithCoreDataTests;
			sourceTree = "<group>";
		};
		50ABA1A91B4122490084CF2F /* Supporting Files */ = {
			isa = PBXGroup;
			children = (
				50ABA1AA1B4122490084CF2F /* Info.plist */,
			);
			name = "Supporting Files";
			sourceTree = "<group>";
		};
		50ABA1C41B423D210084CF2F /* CoreData */ = {
			isa = PBXGroup;
			children = (
				50ABA1931B4122490084CF2F /* getFriendsWithCoreData.xcdatamodeld */,
				5073A78E1B5071D700862505 /* UserDataTable.h */,
				5073A78F1B5071D700862505 /* UserDataTable.m */,
				505486E81B44A0600067453E /* FriendsTable.h */,
				505486E91B44A0600067453E /* FriendsTable.m */,
			);
			name = CoreData;
			sourceTree = "<group>";
		};
		50AC8D381B577A38007F7C2E /* MySingleton */ = {
			isa = PBXGroup;
			children = (
				50AC8D351B577906007F7C2E /* MySingleton.h */,
				50AC8D361B577906007F7C2E /* MySingleton.m */,
			);
			name = MySingleton;
			sourceTree = "<group>";
		};
		50AC8D391B577A50007F7C2E /* ShowingFriendsVC */ = {
			isa = PBXGroup;
			children = (
				50ABA1CB1B42471D0084CF2F /* showingFriendsViewController.h */,
				50ABA1CC1B42471D0084CF2F /* showingFriendsViewController.m */,
			);
			name = ShowingFriendsVC;
			sourceTree = "<group>";
		};
		50AC8D3A1B577AB1007F7C2E /* AppDelegate */ = {
			isa = PBXGroup;
			children = (
				50ABA1901B4122490084CF2F /* AppDelegate.h */,
				50ABA1911B4122490084CF2F /* AppDelegate.m */,
			);
			name = AppDelegate;
			sourceTree = "<group>";
		};
		50BCDA931B4B7A4100FB25D5 /* CustomFriendTVCell */ = {
			isa = PBXGroup;
			children = (
				50BCDA8E1B4B7A3000FB25D5 /* CustomFriendTVCell.h */,
				50BCDA8F1B4B7A3000FB25D5 /* CustomFriendTVCell.m */,
				50BCDA901B4B7A3000FB25D5 /* CustomFriendTVCell.xib */,
			);
			name = CustomFriendTVCell;
			sourceTree = "<group>";
		};
		50BCDA9C1B4DE0CD00FB25D5 /* editUserInfo */ = {
			isa = PBXGroup;
			children = (
				50BCDA9A1B4DE0C200FB25D5 /* editUserInfoVC.h */,
				50BCDA991B4DE0C200FB25D5 /* editUserInfoVC.m */,
			);
			name = editUserInfo;
			sourceTree = "<group>";
		};
/* End PBXGroup section */

/* Begin PBXNativeTarget section */
		50ABA1881B4122490084CF2F /* getFriendsWithCoreData */ = {
			isa = PBXNativeTarget;
			buildConfigurationList = 50ABA1AF1B4122490084CF2F /* Build configuration list for PBXNativeTarget "getFriendsWithCoreData" */;
			buildPhases = (
				50ABA1851B4122490084CF2F /* Sources */,
				50ABA1861B4122490084CF2F /* Frameworks */,
				50ABA1871B4122490084CF2F /* Resources */,
			);
			buildRules = (
			);
			dependencies = (
			);
			name = getFriendsWithCoreData;
			productName = getFriendsWithCoreData;
			productReference = 50ABA1891B4122490084CF2F /* getFriendsWithCoreData.app */;
			productType = "com.apple.product-type.application";
		};
		50ABA1A41B4122490084CF2F /* getFriendsWithCoreDataTests */ = {
			isa = PBXNativeTarget;
			buildConfigurationList = 50ABA1B21B4122490084CF2F /* Build configuration list for PBXNativeTarget "getFriendsWithCoreDataTests" */;
			buildPhases = (
				50ABA1A11B4122490084CF2F /* Sources */,
				50ABA1A21B4122490084CF2F /* Frameworks */,
				50ABA1A31B4122490084CF2F /* Resources */,
			);
			buildRules = (
			);
			dependencies = (
				50ABA1A71B4122490084CF2F /* PBXTargetDependency */,
			);
			name = getFriendsWithCoreDataTests;
			productName = getFriendsWithCoreDataTests;
			productReference = 50ABA1A51B4122490084CF2F /* getFriendsWithCoreDataTests.xctest */;
			productType = "com.apple.product-type.bundle.unit-test";
		};
/* End PBXNativeTarget section */

/* Begin PBXProject section */
		50ABA1811B4122490084CF2F /* Project object */ = {
			isa = PBXProject;
			attributes = {
				LastUpgradeCheck = 0630;
				ORGANIZATIONNAME = "Gopal Rao";
				TargetAttributes = {
					50ABA1881B4122490084CF2F = {
						CreatedOnToolsVersion = 6.3.2;
					};
					50ABA1A41B4122490084CF2F = {
						CreatedOnToolsVersion = 6.3.2;
						TestTargetID = 50ABA1881B4122490084CF2F;
					};
				};
			};
			buildConfigurationList = 50ABA1841B4122490084CF2F /* Build configuration list for PBXProject "getFriendsWithCoreData" */;
			compatibilityVersion = "Xcode 3.2";
			developmentRegion = English;
			hasScannedForEncodings = 0;
			knownRegions = (
				en,
				Base,
			);
			mainGroup = 50ABA1801B4122490084CF2F;
			productRefGroup = 50ABA18A1B4122490084CF2F /* Products */;
			projectDirPath = "";
			projectRoot = "";
			targets = (
				50ABA1881B4122490084CF2F /* getFriendsWithCoreData */,
				50ABA1A41B4122490084CF2F /* getFriendsWithCoreDataTests */,
			);
		};
/* End PBXProject section */

/* Begin PBXResourcesBuildPhase section */
		50ABA1871B4122490084CF2F /* Resources */ = {
			isa = PBXResourcesBuildPhase;
			buildActionMask = 2147483647;
			files = (
				50BCDA921B4B7A3000FB25D5 /* CustomFriendTVCell.xib in Resources */,
				50BCDA981B4B802D00FB25D5 /* profilePicFacebook .png in Resources */,
				50BCDA961B4B7ED200FB25D5 /* profile_Pic.png in Resources */,
				50ABA19B1B4122490084CF2F /* Main.storyboard in Resources */,
				50ABA1A01B4122490084CF2F /* LaunchScreen.xib in Resources */,
				505486F51B479B010067453E /* profile_Pic_Default 128*128.png in Resources */,
				50ABA19D1B4122490084CF2F /* Images.xcassets in Resources */,
			);
			runOnlyForDeploymentPostprocessing = 0;
		};
		50ABA1A31B4122490084CF2F /* Resources */ = {
			isa = PBXResourcesBuildPhase;
			buildActionMask = 2147483647;
			files = (
			);
			runOnlyForDeploymentPostprocessing = 0;
		};
/* End PBXResourcesBuildPhase section */

/* Begin PBXSourcesBuildPhase section */
		50ABA1851B4122490084CF2F /* Sources */ = {
			isa = PBXSourcesBuildPhase;
			buildActionMask = 2147483647;
			files = (
				50ABA1921B4122490084CF2F /* AppDelegate.m in Sources */,
				5073A7901B5071D700862505 /* UserDataTable.m in Sources */,
				50ABA1951B4122490084CF2F /* getFriendsWithCoreData.xcdatamodeld in Sources */,
				50ABA1981B4122490084CF2F /* ViewController.m in Sources */,
				50BCDA911B4B7A3000FB25D5 /* CustomFriendTVCell.m in Sources */,
				50ABA1CD1B42471D0084CF2F /* showingFriendsViewController.m in Sources */,
				50AC8D371B577906007F7C2E /* MySingleton.m in Sources */,
				505486EA1B44A0600067453E /* FriendsTable.m in Sources */,
				50ABA18F1B4122490084CF2F /* main.m in Sources */,
			);
			runOnlyForDeploymentPostprocessing = 0;
		};
		50ABA1A11B4122490084CF2F /* Sources */ = {
			isa = PBXSourcesBuildPhase;
			buildActionMask = 2147483647;
			files = (
				50ABA1AC1B4122490084CF2F /* getFriendsWithCoreDataTests.m in Sources */,
			);
			runOnlyForDeploymentPostprocessing = 0;
		};
/* End PBXSourcesBuildPhase section */

/* Begin PBXTargetDependency section */
		50ABA1A71B4122490084CF2F /* PBXTargetDependency */ = {
			isa = PBXTargetDependency;
			target = 50ABA1881B4122490084CF2F /* getFriendsWithCoreData */;
			targetProxy = 50ABA1A61B4122490084CF2F /* PBXContainerItemProxy */;
		};
/* End PBXTargetDependency section */

/* Begin PBXVariantGroup section */
		50ABA1991B4122490084CF2F /* Main.storyboard */ = {
			isa = PBXVariantGroup;
			children = (
				50ABA19A1B4122490084CF2F /* Base */,
			);
			name = Main.storyboard;
			sourceTree = "<group>";
		};
		50ABA19E1B4122490084CF2F /* LaunchScreen.xib */ = {
			isa = PBXVariantGroup;
			children = (
				50ABA19F1B4122490084CF2F /* Base */,
			);
			name = LaunchScreen.xib;
			sourceTree = "<group>";
		};
/* End PBXVariantGroup section */

/* Begin XCBuildConfiguration section */
		50ABA1AD1B4122490084CF2F /* Debug */ = {
			isa = XCBuildConfiguration;
			buildSettings = {
				ALWAYS_SEARCH_USER_PATHS = NO;
				CLANG_CXX_LANGUAGE_STANDARD = "gnu++0x";
				CLANG_CXX_LIBRARY = "libc++";
				CLANG_ENABLE_MODULES = YES;
				CLANG_ENABLE_OBJC_ARC = YES;
				CLANG_WARN_BOOL_CONVERSION = YES;
				CLANG_WARN_CONSTANT_CONVERSION = YES;
				CLANG_WARN_DIRECT_OBJC_ISA_USAGE = YES_ERROR;
				CLANG_WARN_EMPTY_BODY = YES;
				CLANG_WARN_ENUM_CONVERSION = YES;
				CLANG_WARN_INT_CONVERSION = YES;
				CLANG_WARN_OBJC_ROOT_CLASS = YES_ERROR;
				CLANG_WARN_UNREACHABLE_CODE = YES;
				CLANG_WARN__DUPLICATE_METHOD_MATCH = YES;
				"CODE_SIGN_IDENTITY[sdk=iphoneos*]" = "iPhone Developer";
				COPY_PHASE_STRIP = NO;
				DEBUG_INFORMATION_FORMAT = "dwarf-with-dsym";
				ENABLE_STRICT_OBJC_MSGSEND = YES;
				GCC_C_LANGUAGE_STANDARD = gnu99;
				GCC_DYNAMIC_NO_PIC = NO;
				GCC_NO_COMMON_BLOCKS = YES;
				GCC_OPTIMIZATION_LEVEL = 0;
				GCC_PREPROCESSOR_DEFINITIONS = (
					"DEBUG=1",
					"$(inherited)",
				);
				GCC_SYMBOLS_PRIVATE_EXTERN = NO;
				GCC_WARN_64_TO_32_BIT_CONVERSION = YES;
				GCC_WARN_ABOUT_RETURN_TYPE = YES_ERROR;
				GCC_WARN_UNDECLARED_SELECTOR = YES;
				GCC_WARN_UNINITIALIZED_AUTOS = YES_AGGRESSIVE;
				GCC_WARN_UNUSED_FUNCTION = YES;
				GCC_WARN_UNUSED_VARIABLE = YES;
				IPHONEOS_DEPLOYMENT_TARGET = 8.3;
				MTL_ENABLE_DEBUG_INFO = YES;
				ONLY_ACTIVE_ARCH = YES;
				SDKROOT = iphoneos;
			};
			name = Debug;
		};
		50ABA1AE1B4122490084CF2F /* Release */ = {
			isa = XCBuildConfiguration;
			buildSettings = {
				ALWAYS_SEARCH_USER_PATHS = NO;
				CLANG_CXX_LANGUAGE_STANDARD = "gnu++0x";
				CLANG_CXX_LIBRARY = "libc++";
				CLANG_ENABLE_MODULES = YES;
				CLANG_ENABLE_OBJC_ARC = YES;
				CLANG_WARN_BOOL_CONVERSION = YES;
				CLANG_WARN_CONSTANT_CONVERSION = YES;
				CLANG_WARN_DIRECT_OBJC_ISA_USAGE = YES_ERROR;
				CLANG_WARN_EMPTY_BODY = YES;
				CLANG_WARN_ENUM_CONVERSION = YES;
				CLANG_WARN_INT_CONVERSION = YES;
				CLANG_WARN_OBJC_ROOT_CLASS = YES_ERROR;
				CLANG_WARN_UNREACHABLE_CODE = YES;
				CLANG_WARN__DUPLICATE_METHOD_MATCH = YES;
				"CODE_SIGN_IDENTITY[sdk=iphoneos*]" = "iPhone Developer";
				COPY_PHASE_STRIP = NO;
				DEBUG_INFORMATION_FORMAT = "dwarf-with-dsym";
				ENABLE_NS_ASSERTIONS = NO;
				ENABLE_STRICT_OBJC_MSGSEND = YES;
				GCC_C_LANGUAGE_STANDARD = gnu99;
				GCC_NO_COMMON_BLOCKS = YES;
				GCC_WARN_64_TO_32_BIT_CONVERSION = YES;
				GCC_WARN_ABOUT_RETURN_TYPE = YES_ERROR;
				GCC_WARN_UNDECLARED_SELECTOR = YES;
				GCC_WARN_UNINITIALIZED_AUTOS = YES_AGGRESSIVE;
				GCC_WARN_UNUSED_FUNCTION = YES;
				GCC_WARN_UNUSED_VARIABLE = YES;
				IPHONEOS_DEPLOYMENT_TARGET = 8.3;
				MTL_ENABLE_DEBUG_INFO = NO;
				SDKROOT = iphoneos;
				VALIDATE_PRODUCT = YES;
			};
			name = Release;
		};
		50ABA1B01B4122490084CF2F /* Debug */ = {
			isa = XCBuildConfiguration;
			buildSettings = {
				ASSETCATALOG_COMPILER_APPICON_NAME = AppIcon;
				CLANG_ENABLE_MODULES = YES;
				FRAMEWORK_SEARCH_PATHS = (
					"$(inherited)",
					"$(PROJECT_DIR)",
				);
				INFOPLIST_FILE = getFriendsWithCoreData/Info.plist;
				LD_RUNPATH_SEARCH_PATHS = "$(inherited) @executable_path/Frameworks";
				PRODUCT_NAME = "$(TARGET_NAME)";
				SWIFT_OBJC_BRIDGING_HEADER = "getFriendsWithCoreData-Bridging-Header.h";
				SWIFT_OPTIMIZATION_LEVEL = "-Onone";
			};
			name = Debug;
		};
		50ABA1B11B4122490084CF2F /* Release */ = {
			isa = XCBuildConfiguration;
			buildSettings = {
				ASSETCATALOG_COMPILER_APPICON_NAME = AppIcon;
				CLANG_ENABLE_MODULES = YES;
				FRAMEWORK_SEARCH_PATHS = (
					"$(inherited)",
					"$(PROJECT_DIR)",
				);
				INFOPLIST_FILE = getFriendsWithCoreData/Info.plist;
				LD_RUNPATH_SEARCH_PATHS = "$(inherited) @executable_path/Frameworks";
				PRODUCT_NAME = "$(TARGET_NAME)";
				SWIFT_OBJC_BRIDGING_HEADER = "getFriendsWithCoreData-Bridging-Header.h";
			};
			name = Release;
		};
		50ABA1B31B4122490084CF2F /* Debug */ = {
			isa = XCBuildConfiguration;
			buildSettings = {
				BUNDLE_LOADER = "$(TEST_HOST)";
				FRAMEWORK_SEARCH_PATHS = (
					"$(SDKROOT)/Developer/Library/Frameworks",
					"$(inherited)",
				);
				GCC_PREPROCESSOR_DEFINITIONS = (
					"DEBUG=1",
					"$(inherited)",
				);
				INFOPLIST_FILE = getFriendsWithCoreDataTests/Info.plist;
				LD_RUNPATH_SEARCH_PATHS = "$(inherited) @executable_path/Frameworks @loader_path/Frameworks";
				PRODUCT_NAME = "$(TARGET_NAME)";
				TEST_HOST = "$(BUILT_PRODUCTS_DIR)/getFriendsWithCoreData.app/getFriendsWithCoreData";
			};
			name = Debug;
		};
		50ABA1B41B4122490084CF2F /* Release */ = {
			isa = XCBuildConfiguration;
			buildSettings = {
				BUNDLE_LOADER = "$(TEST_HOST)";
				FRAMEWORK_SEARCH_PATHS = (
					"$(SDKROOT)/Developer/Library/Frameworks",
					"$(inherited)",
				);
				INFOPLIST_FILE = getFriendsWithCoreDataTests/Info.plist;
				LD_RUNPATH_SEARCH_PATHS = "$(inherited) @executable_path/Frameworks @loader_path/Frameworks";
				PRODUCT_NAME = "$(TARGET_NAME)";
				TEST_HOST = "$(BUILT_PRODUCTS_DIR)/getFriendsWithCoreData.app/getFriendsWithCoreData";
			};
			name = Release;
		};
/* End XCBuildConfiguration section */

/* Begin XCConfigurationList section */
		50ABA1841B4122490084CF2F /* Build configuration list for PBXProject "getFriendsWithCoreData" */ = {
			isa = XCConfigurationList;
			buildConfigurations = (
				50ABA1AD1B4122490084CF2F /* Debug */,
				50ABA1AE1B4122490084CF2F /* Release */,
			);
			defaultConfigurationIsVisible = 0;
			defaultConfigurationName = Release;
		};
		50ABA1AF1B4122490084CF2F /* Build configuration list for PBXNativeTarget "getFriendsWithCoreData" */ = {
			isa = XCConfigurationList;
			buildConfigurations = (
				50ABA1B01B4122490084CF2F /* Debug */,
				50ABA1B11B4122490084CF2F /* Release */,
			);
			defaultConfigurationIsVisible = 0;
			defaultConfigurationName = Release;
		};
		50ABA1B21B4122490084CF2F /* Build configuration list for PBXNativeTarget "getFriendsWithCoreDataTests" */ = {
			isa = XCConfigurationList;
			buildConfigurations = (
				50ABA1B31B4122490084CF2F /* Debug */,
				50ABA1B41B4122490084CF2F /* Release */,
			);
			defaultConfigurationIsVisible = 0;
			defaultConfigurationName = Release;
		};
/* End XCConfigurationList section */

/* Begin XCVersionGroup section */
		50ABA1931B4122490084CF2F /* getFriendsWithCoreData.xcdatamodeld */ = {
			isa = XCVersionGroup;
			children = (
				50ABA1C01B423AE60084CF2F /* getFriendsWithCoreData 2.xcdatamodel */,
				50ABA1941B4122490084CF2F /* getFriendsWithCoreData.xcdatamodel */,
			);
			currentVersion = 50ABA1C01B423AE60084CF2F /* getFriendsWithCoreData 2.xcdatamodel */;
			name = getFriendsWithCoreData.xcdatamodeld;
			path = getFriendsWithCoreData/getFriendsWithCoreData.xcdatamodeld;
			sourceTree = "<group>";
			versionGroupType = wrapper.xcdatamodel;
		};
/* End XCVersionGroup section */
	};
	rootObject = 50ABA1811B4122490084CF2F /* Project object */;
}
